// !$*UTF8*$!
{
	archiveVersion = 1;
	classes = {
	};
	objectVersion = 55;
	objects = {

/* Begin PBXBuildFile section */
		3A20098827DDBBAE002B83C9 /* Line.swift in Sources */ = {isa = PBXBuildFile; fileRef = 3A20098727DDBBAE002B83C9 /* Line.swift */; };
		BAABD9CB27D5108A00FEB27C /* LineGraphExplorationApp.swift in Sources */ = {isa = PBXBuildFile; fileRef = BAABD9CA27D5108A00FEB27C /* LineGraphExplorationApp.swift */; };
		BAABD9CD27D5108A00FEB27C /* ContentView.swift in Sources */ = {isa = PBXBuildFile; fileRef = BAABD9CC27D5108A00FEB27C /* ContentView.swift */; };
		BAABD9CF27D5108C00FEB27C /* Assets.xcassets in Resources */ = {isa = PBXBuildFile; fileRef = BAABD9CE27D5108C00FEB27C /* Assets.xcassets */; };
		BAABD9D227D5108C00FEB27C /* Preview Assets.xcassets in Resources */ = {isa = PBXBuildFile; fileRef = BAABD9D127D5108C00FEB27C /* Preview Assets.xcassets */; };
		BAABD9DC27D5108C00FEB27C /* LineGraphExplorationTests.swift in Sources */ = {isa = PBXBuildFile; fileRef = BAABD9DB27D5108C00FEB27C /* LineGraphExplorationTests.swift */; };
		BAABD9E627D5108C00FEB27C /* LineGraphExplorationUITests.swift in Sources */ = {isa = PBXBuildFile; fileRef = BAABD9E527D5108C00FEB27C /* LineGraphExplorationUITests.swift */; };
		BAABD9E827D5108C00FEB27C /* LineGraphExplorationUITestsLaunchTests.swift in Sources */ = {isa = PBXBuildFile; fileRef = BAABD9E727D5108C00FEB27C /* LineGraphExplorationUITestsLaunchTests.swift */; };
		BAABD9F627D54BAC00FEB27C /* LineGraph.swift in Sources */ = {isa = PBXBuildFile; fileRef = BAABD9F527D54BAC00FEB27C /* LineGraph.swift */; };
		BAABD9F827D54C1300FEB27C /* HomeView.swift in Sources */ = {isa = PBXBuildFile; fileRef = BAABD9F727D54C1300FEB27C /* HomeView.swift */; };
		BAABD9FB27D5775F00FEB27C /* PathExtension.swift in Sources */ = {isa = PBXBuildFile; fileRef = BAABD9FA27D5775F00FEB27C /* PathExtension.swift */; };
/* End PBXBuildFile section */

/* Begin PBXContainerItemProxy section */
		BAABD9D827D5108C00FEB27C /* PBXContainerItemProxy */ = {
			isa = PBXContainerItemProxy;
			containerPortal = BAABD9BF27D5108A00FEB27C /* Project object */;
			proxyType = 1;
			remoteGlobalIDString = BAABD9C627D5108A00FEB27C;
			remoteInfo = LineGraphExploration;
		};
		BAABD9E227D5108C00FEB27C /* PBXContainerItemProxy */ = {
			isa = PBXContainerItemProxy;
			containerPortal = BAABD9BF27D5108A00FEB27C /* Project object */;
			proxyType = 1;
			remoteGlobalIDString = BAABD9C627D5108A00FEB27C;
			remoteInfo = LineGraphExploration;
		};
/* End PBXContainerItemProxy section */

/* Begin PBXFileReference section */
		3A20098727DDBBAE002B83C9 /* Line.swift */ = {isa = PBXFileReference; lastKnownFileType = sourcecode.swift; path = Line.swift; sourceTree = "<group>"; };
		BAABD9C727D5108A00FEB27C /* LineGraphExploration.app */ = {isa = PBXFileReference; explicitFileType = wrapper.application; includeInIndex = 0; path = LineGraphExploration.app; sourceTree = BUILT_PRODUCTS_DIR; };
		BAABD9CA27D5108A00FEB27C /* LineGraphExplorationApp.swift */ = {isa = PBXFileReference; lastKnownFileType = sourcecode.swift; path = LineGraphExplorationApp.swift; sourceTree = "<group>"; };
		BAABD9CC27D5108A00FEB27C /* ContentView.swift */ = {isa = PBXFileReference; lastKnownFileType = sourcecode.swift; path = ContentView.swift; sourceTree = "<group>"; };
		BAABD9CE27D5108C00FEB27C /* Assets.xcassets */ = {isa = PBXFileReference; lastKnownFileType = folder.assetcatalog; path = Assets.xcassets; sourceTree = "<group>"; };
		BAABD9D127D5108C00FEB27C /* Preview Assets.xcassets */ = {isa = PBXFileReference; lastKnownFileType = folder.assetcatalog; path = "Preview Assets.xcassets"; sourceTree = "<group>"; };
		BAABD9D727D5108C00FEB27C /* LineGraphExplorationTests.xctest */ = {isa = PBXFileReference; explicitFileType = wrapper.cfbundle; includeInIndex = 0; path = LineGraphExplorationTests.xctest; sourceTree = BUILT_PRODUCTS_DIR; };
		BAABD9DB27D5108C00FEB27C /* LineGraphExplorationTests.swift */ = {isa = PBXFileReference; lastKnownFileType = sourcecode.swift; path = LineGraphExplorationTests.swift; sourceTree = "<group>"; };
		BAABD9E127D5108C00FEB27C /* LineGraphExplorationUITests.xctest */ = {isa = PBXFileReference; explicitFileType = wrapper.cfbundle; includeInIndex = 0; path = LineGraphExplorationUITests.xctest; sourceTree = BUILT_PRODUCTS_DIR; };
		BAABD9E527D5108C00FEB27C /* LineGraphExplorationUITests.swift */ = {isa = PBXFileReference; lastKnownFileType = sourcecode.swift; path = LineGraphExplorationUITests.swift; sourceTree = "<group>"; };
		BAABD9E727D5108C00FEB27C /* LineGraphExplorationUITestsLaunchTests.swift */ = {isa = PBXFileReference; lastKnownFileType = sourcecode.swift; path = LineGraphExplorationUITestsLaunchTests.swift; sourceTree = "<group>"; };
		BAABD9F527D54BAC00FEB27C /* LineGraph.swift */ = {isa = PBXFileReference; lastKnownFileType = sourcecode.swift; path = LineGraph.swift; sourceTree = "<group>"; };
		BAABD9F727D54C1300FEB27C /* HomeView.swift */ = {isa = PBXFileReference; lastKnownFileType = sourcecode.swift; path = HomeView.swift; sourceTree = "<group>"; };
		BAABD9FA27D5775F00FEB27C /* PathExtension.swift */ = {isa = PBXFileReference; lastKnownFileType = sourcecode.swift; path = PathExtension.swift; sourceTree = "<group>"; };
/* End PBXFileReference section */

/* Begin PBXFrameworksBuildPhase section */
		BAABD9C427D5108A00FEB27C /* Frameworks */ = {
			isa = PBXFrameworksBuildPhase;
			buildActionMask = 2147483647;
			files = (
			);
			runOnlyForDeploymentPostprocessing = 0;
		};
		BAABD9D427D5108C00FEB27C /* Frameworks */ = {
			isa = PBXFrameworksBuildPhase;
			buildActionMask = 2147483647;
			files = (
			);
			runOnlyForDeploymentPostprocessing = 0;
		};
		BAABD9DE27D5108C00FEB27C /* Frameworks */ = {
			isa = PBXFrameworksBuildPhase;
			buildActionMask = 2147483647;
			files = (
			);
			runOnlyForDeploymentPostprocessing = 0;
		};
/* End PBXFrameworksBuildPhase section */

/* Begin PBXGroup section */
		BAABD9BE27D5108A00FEB27C = {
			isa = PBXGroup;
			children = (
				BAABD9C927D5108A00FEB27C /* LineGraphExploration */,
				BAABD9DA27D5108C00FEB27C /* LineGraphExplorationTests */,
				BAABD9E427D5108C00FEB27C /* LineGraphExplorationUITests */,
				BAABD9C827D5108A00FEB27C /* Products */,
			);
			sourceTree = "<group>";
		};
		BAABD9C827D5108A00FEB27C /* Products */ = {
			isa = PBXGroup;
			children = (
				BAABD9C727D5108A00FEB27C /* LineGraphExploration.app */,
				BAABD9D727D5108C00FEB27C /* LineGraphExplorationTests.xctest */,
				BAABD9E127D5108C00FEB27C /* LineGraphExplorationUITests.xctest */,
			);
			name = Products;
			sourceTree = "<group>";
		};
		BAABD9C927D5108A00FEB27C /* LineGraphExploration */ = {
			isa = PBXGroup;
			children = (
				BAABD9F927D5774700FEB27C /* Extensions */,
				BAABD9F427D54B9A00FEB27C /* View */,
				BAABD9CA27D5108A00FEB27C /* LineGraphExplorationApp.swift */,
				BAABD9CC27D5108A00FEB27C /* ContentView.swift */,
				BAABD9CE27D5108C00FEB27C /* Assets.xcassets */,
				BAABD9D027D5108C00FEB27C /* Preview Content */,
			);
			path = LineGraphExploration;
			sourceTree = "<group>";
		};
		BAABD9D027D5108C00FEB27C /* Preview Content */ = {
			isa = PBXGroup;
			children = (
				BAABD9D127D5108C00FEB27C /* Preview Assets.xcassets */,
			);
			path = "Preview Content";
			sourceTree = "<group>";
		};
		BAABD9DA27D5108C00FEB27C /* LineGraphExplorationTests */ = {
			isa = PBXGroup;
			children = (
				BAABD9DB27D5108C00FEB27C /* LineGraphExplorationTests.swift */,
			);
			path = LineGraphExplorationTests;
			sourceTree = "<group>";
		};
		BAABD9E427D5108C00FEB27C /* LineGraphExplorationUITests */ = {
			isa = PBXGroup;
			children = (
				BAABD9E527D5108C00FEB27C /* LineGraphExplorationUITests.swift */,
				BAABD9E727D5108C00FEB27C /* LineGraphExplorationUITestsLaunchTests.swift */,
			);
			path = LineGraphExplorationUITests;
			sourceTree = "<group>";
		};
		BAABD9F427D54B9A00FEB27C /* View */ = {
			isa = PBXGroup;
			children = (
				BAABD9F527D54BAC00FEB27C /* LineGraph.swift */,
				BAABD9F727D54C1300FEB27C /* HomeView.swift */,
				3A20098727DDBBAE002B83C9 /* Line.swift */,
			);
			path = View;
			sourceTree = "<group>";
		};
		BAABD9F927D5774700FEB27C /* Extensions */ = {
			isa = PBXGroup;
			children = (
				BAABD9FA27D5775F00FEB27C /* PathExtension.swift */,
			);
			path = Extensions;
			sourceTree = "<group>";
		};
/* End PBXGroup section */

/* Begin PBXNativeTarget section */
		BAABD9C627D5108A00FEB27C /* LineGraphExploration */ = {
			isa = PBXNativeTarget;
			buildConfigurationList = BAABD9EB27D5108C00FEB27C /* Build configuration list for PBXNativeTarget "LineGraphExploration" */;
			buildPhases = (
				BAABD9C327D5108A00FEB27C /* Sources */,
				BAABD9C427D5108A00FEB27C /* Frameworks */,
				BAABD9C527D5108A00FEB27C /* Resources */,
			);
			buildRules = (
			);
			dependencies = (
			);
			name = LineGraphExploration;
			productName = LineGraphExploration;
			productReference = BAABD9C727D5108A00FEB27C /* LineGraphExploration.app */;
			productType = "com.apple.product-type.application";
		};
		BAABD9D627D5108C00FEB27C /* LineGraphExplorationTests */ = {
			isa = PBXNativeTarget;
			buildConfigurationList = BAABD9EE27D5108C00FEB27C /* Build configuration list for PBXNativeTarget "LineGraphExplorationTests" */;
			buildPhases = (
				BAABD9D327D5108C00FEB27C /* Sources */,
				BAABD9D427D5108C00FEB27C /* Frameworks */,
				BAABD9D527D5108C00FEB27C /* Resources */,
			);
			buildRules = (
			);
			dependencies = (
				BAABD9D927D5108C00FEB27C /* PBXTargetDependency */,
			);
			name = LineGraphExplorationTests;
			productName = LineGraphExplorationTests;
			productReference = BAABD9D727D5108C00FEB27C /* LineGraphExplorationTests.xctest */;
			productType = "com.apple.product-type.bundle.unit-test";
		};
		BAABD9E027D5108C00FEB27C /* LineGraphExplorationUITests */ = {
			isa = PBXNativeTarget;
			buildConfigurationList = BAABD9F127D5108C00FEB27C /* Build configuration list for PBXNativeTarget "LineGraphExplorationUITests" */;
			buildPhases = (
				BAABD9DD27D5108C00FEB27C /* Sources */,
				BAABD9DE27D5108C00FEB27C /* Frameworks */,
				BAABD9DF27D5108C00FEB27C /* Resources */,
			);
			buildRules = (
			);
			dependencies = (
				BAABD9E327D5108C00FEB27C /* PBXTargetDependency */,
			);
			name = LineGraphExplorationUITests;
			productName = LineGraphExplorationUITests;
			productReference = BAABD9E127D5108C00FEB27C /* LineGraphExplorationUITests.xctest */;
			productType = "com.apple.product-type.bundle.ui-testing";
		};
/* End PBXNativeTarget section */

/* Begin PBXProject section */
		BAABD9BF27D5108A00FEB27C /* Project object */ = {
			isa = PBXProject;
			attributes = {
				BuildIndependentTargetsInParallel = 1;
				LastSwiftUpdateCheck = 1320;
				LastUpgradeCheck = 1320;
				TargetAttributes = {
					BAABD9C627D5108A00FEB27C = {
						CreatedOnToolsVersion = 13.2.1;
					};
					BAABD9D627D5108C00FEB27C = {
						CreatedOnToolsVersion = 13.2.1;
						TestTargetID = BAABD9C627D5108A00FEB27C;
					};
					BAABD9E027D5108C00FEB27C = {
						CreatedOnToolsVersion = 13.2.1;
						TestTargetID = BAABD9C627D5108A00FEB27C;
					};
				};
			};
			buildConfigurationList = BAABD9C227D5108A00FEB27C /* Build configuration list for PBXProject "LineGraphExploration" */;
			compatibilityVersion = "Xcode 13.0";
			developmentRegion = en;
			hasScannedForEncodings = 0;
			knownRegions = (
				en,
				Base,
			);
			mainGroup = BAABD9BE27D5108A00FEB27C;
			productRefGroup = BAABD9C827D5108A00FEB27C /* Products */;
			projectDirPath = "";
			projectRoot = "";
			targets = (
				BAABD9C627D5108A00FEB27C /* LineGraphExploration */,
				BAABD9D627D5108C00FEB27C /* LineGraphExplorationTests */,
				BAABD9E027D5108C00FEB27C /* LineGraphExplorationUITests */,
			);
		};
/* End PBXProject section */

/* Begin PBXResourcesBuildPhase section */
		BAABD9C527D5108A00FEB27C /* Resources */ = {
			isa = PBXResourcesBuildPhase;
			buildActionMask = 2147483647;
			files = (
				BAABD9D227D5108C00FEB27C /* Preview Assets.xcassets in Resources */,
				BAABD9CF27D5108C00FEB27C /* Assets.xcassets in Resources */,
			);
			runOnlyForDeploymentPostprocessing = 0;
		};
		BAABD9D527D5108C00FEB27C /* Resources */ = {
			isa = PBXResourcesBuildPhase;
			buildActionMask = 2147483647;
			files = (
			);
			runOnlyForDeploymentPostprocessing = 0;
		};
		BAABD9DF27D5108C00FEB27C /* Resources */ = {
			isa = PBXResourcesBuildPhase;
			buildActionMask = 2147483647;
			files = (
			);
			runOnlyForDeploymentPostprocessing = 0;
		};
/* End PBXResourcesBuildPhase section */

/* Begin PBXSourcesBuildPhase section */
		BAABD9C327D5108A00FEB27C /* Sources */ = {
			isa = PBXSourcesBuildPhase;
			buildActionMask = 2147483647;
			files = (
				BAABD9CD27D5108A00FEB27C /* ContentView.swift in Sources */,
				BAABD9F827D54C1300FEB27C /* HomeView.swift in Sources */,
				BAABD9FB27D5775F00FEB27C /* PathExtension.swift in Sources */,
				3A20098827DDBBAE002B83C9 /* Line.swift in Sources */,
				BAABD9F627D54BAC00FEB27C /* LineGraph.swift in Sources */,
				BAABD9CB27D5108A00FEB27C /* LineGraphExplorationApp.swift in Sources */,
			);
			runOnlyForDeploymentPostprocessing = 0;
		};
		BAABD9D327D5108C00FEB27C /* Sources */ = {
			isa = PBXSourcesBuildPhase;
			buildActionMask = 2147483647;
			files = (
				BAABD9DC27D5108C00FEB27C /* LineGraphExplorationTests.swift in Sources */,
			);
			runOnlyForDeploymentPostprocessing = 0;
		};
		BAABD9DD27D5108C00FEB27C /* Sources */ = {
			isa = PBXSourcesBuildPhase;
			buildActionMask = 2147483647;
			files = (
				BAABD9E627D5108C00FEB27C /* LineGraphExplorationUITests.swift in Sources */,
				BAABD9E827D5108C00FEB27C /* LineGraphExplorationUITestsLaunchTests.swift in Sources */,
			);
			runOnlyForDeploymentPostprocessing = 0;
		};
/* End PBXSourcesBuildPhase section */

/* Begin PBXTargetDependency section */
		BAABD9D927D5108C00FEB27C /* PBXTargetDependency */ = {
			isa = PBXTargetDependency;
			target = BAABD9C627D5108A00FEB27C /* LineGraphExploration */;
			targetProxy = BAABD9D827D5108C00FEB27C /* PBXContainerItemProxy */;
		};
		BAABD9E327D5108C00FEB27C /* PBXTargetDependency */ = {
			isa = PBXTargetDependency;
			target = BAABD9C627D5108A00FEB27C /* LineGraphExploration */;
			targetProxy = BAABD9E227D5108C00FEB27C /* PBXContainerItemProxy */;
		};
/* End PBXTargetDependency section */

/* Begin XCBuildConfiguration section */
		BAABD9E927D5108C00FEB27C /* Debug */ = {
			isa = XCBuildConfiguration;
			buildSettings = {
				ALWAYS_SEARCH_USER_PATHS = NO;
				CLANG_ANALYZER_NONNULL = YES;
				CLANG_ANALYZER_NUMBER_OBJECT_CONVERSION = YES_AGGRESSIVE;
				CLANG_CXX_LANGUAGE_STANDARD = "gnu++17";
				CLANG_CXX_LIBRARY = "libc++";
				CLANG_ENABLE_MODULES = YES;
				CLANG_ENABLE_OBJC_ARC = YES;
				CLANG_ENABLE_OBJC_WEAK = YES;
				CLANG_WARN_BLOCK_CAPTURE_AUTORELEASING = YES;
				CLANG_WARN_BOOL_CONVERSION = YES;
				CLANG_WARN_COMMA = YES;
				CLANG_WARN_CONSTANT_CONVERSION = YES;
				CLANG_WARN_DEPRECATED_OBJC_IMPLEMENTATIONS = YES;
				CLANG_WARN_DIRECT_OBJC_ISA_USAGE = YES_ERROR;
				CLANG_WARN_DOCUMENTATION_COMMENTS = YES;
				CLANG_WARN_EMPTY_BODY = YES;
				CLANG_WARN_ENUM_CONVERSION = YES;
				CLANG_WARN_INFINITE_RECURSION = YES;
				CLANG_WARN_INT_CONVERSION = YES;
				CLANG_WARN_NON_LITERAL_NULL_CONVERSION = YES;
				CLANG_WARN_OBJC_IMPLICIT_RETAIN_SELF = YES;
				CLANG_WARN_OBJC_LITERAL_CONVERSION = YES;
				CLANG_WARN_OBJC_ROOT_CLASS = YES_ERROR;
				CLANG_WARN_QUOTED_INCLUDE_IN_FRAMEWORK_HEADER = YES;
				CLANG_WARN_RANGE_LOOP_ANALYSIS = YES;
				CLANG_WARN_STRICT_PROTOTYPES = YES;
				CLANG_WARN_SUSPICIOUS_MOVE = YES;
				CLANG_WARN_UNGUARDED_AVAILABILITY = YES_AGGRESSIVE;
				CLANG_WARN_UNREACHABLE_CODE = YES;
				CLANG_WARN__DUPLICATE_METHOD_MATCH = YES;
				COPY_PHASE_STRIP = NO;
				DEBUG_INFORMATION_FORMAT = dwarf;
				ENABLE_STRICT_OBJC_MSGSEND = YES;
				ENABLE_TESTABILITY = YES;
				GCC_C_LANGUAGE_STANDARD = gnu11;
				GCC_DYNAMIC_NO_PIC = NO;
				GCC_NO_COMMON_BLOCKS = YES;
				GCC_OPTIMIZATION_LEVEL = 0;
				GCC_PREPROCESSOR_DEFINITIONS = (
					"DEBUG=1",
					"$(inherited)",
				);
				GCC_WARN_64_TO_32_BIT_CONVERSION = YES;
				GCC_WARN_ABOUT_RETURN_TYPE = YES_ERROR;
				GCC_WARN_UNDECLARED_SELECTOR = YES;
				GCC_WARN_UNINITIALIZED_AUTOS = YES_AGGRESSIVE;
				GCC_WARN_UNUSED_FUNCTION = YES;
				GCC_WARN_UNUSED_VARIABLE = YES;
				IPHONEOS_DEPLOYMENT_TARGET = 15.2;
				MTL_ENABLE_DEBUG_INFO = INCLUDE_SOURCE;
				MTL_FAST_MATH = YES;
				ONLY_ACTIVE_ARCH = YES;
				SDKROOT = iphoneos;
				SWIFT_ACTIVE_COMPILATION_CONDITIONS = DEBUG;
				SWIFT_OPTIMIZATION_LEVEL = "-Onone";
			};
			name = Debug;
		};
		BAABD9EA27D5108C00FEB27C /* Release */ = {
			isa = XCBuildConfiguration;
			buildSettings = {
				ALWAYS_SEARCH_USER_PATHS = NO;
				CLANG_ANALYZER_NONNULL = YES;
				CLANG_ANALYZER_NUMBER_OBJECT_CONVERSION = YES_AGGRESSIVE;
				CLANG_CXX_LANGUAGE_STANDARD = "gnu++17";
				CLANG_CXX_LIBRARY = "libc++";
				CLANG_ENABLE_MODULES = YES;
				CLANG_ENABLE_OBJC_ARC = YES;
				CLANG_ENABLE_OBJC_WEAK = YES;
				CLANG_WARN_BLOCK_CAPTURE_AUTORELEASING = YES;
				CLANG_WARN_BOOL_CONVERSION = YES;
				CLANG_WARN_COMMA = YES;
				CLANG_WARN_CONSTANT_CONVERSION = YES;
				CLANG_WARN_DEPRECATED_OBJC_IMPLEMENTATIONS = YES;
				CLANG_WARN_DIRECT_OBJC_ISA_USAGE = YES_ERROR;
				CLANG_WARN_DOCUMENTATION_COMMENTS = YES;
				CLANG_WARN_EMPTY_BODY = YES;
				CLANG_WARN_ENUM_CONVERSION = YES;
				CLANG_WARN_INFINITE_RECURSION = YES;
				CLANG_WARN_INT_CONVERSION = YES;
				CLANG_WARN_NON_LITERAL_NULL_CONVERSION = YES;
				CLANG_WARN_OBJC_IMPLICIT_RETAIN_SELF = YES;
				CLANG_WARN_OBJC_LITERAL_CONVERSION = YES;
				CLANG_WARN_OBJC_ROOT_CLASS = YES_ERROR;
				CLANG_WARN_QUOTED_INCLUDE_IN_FRAMEWORK_HEADER = YES;
				CLANG_WARN_RANGE_LOOP_ANALYSIS = YES;
				CLANG_WARN_STRICT_PROTOTYPES = YES;
				CLANG_WARN_SUSPICIOUS_MOVE = YES;
				CLANG_WARN_UNGUARDED_AVAILABILITY = YES_AGGRESSIVE;
				CLANG_WARN_UNREACHABLE_CODE = YES;
				CLANG_WARN__DUPLICATE_METHOD_MATCH = YES;
				COPY_PHASE_STRIP = NO;
				DEBUG_INFORMATION_FORMAT = "dwarf-with-dsym";
				ENABLE_NS_ASSERTIONS = NO;
				ENABLE_STRICT_OBJC_MSGSEND = YES;
				GCC_C_LANGUAGE_STANDARD = gnu11;
				GCC_NO_COMMON_BLOCKS = YES;
				GCC_WARN_64_TO_32_BIT_CONVERSION = YES;
				GCC_WARN_ABOUT_RETURN_TYPE = YES_ERROR;
				GCC_WARN_UNDECLARED_SELECTOR = YES;
				GCC_WARN_UNINITIALIZED_AUTOS = YES_AGGRESSIVE;
				GCC_WARN_UNUSED_FUNCTION = YES;
				GCC_WARN_UNUSED_VARIABLE = YES;
				IPHONEOS_DEPLOYMENT_TARGET = 15.2;
				MTL_ENABLE_DEBUG_INFO = NO;
				MTL_FAST_MATH = YES;
				SDKROOT = iphoneos;
				SWIFT_COMPILATION_MODE = wholemodule;
				SWIFT_OPTIMIZATION_LEVEL = "-O";
				VALIDATE_PRODUCT = YES;
			};
			name = Release;
		};
		BAABD9EC27D5108C00FEB27C /* Debug */ = {
			isa = XCBuildConfiguration;
			buildSettings = {
				ASSETCATALOG_COMPILER_APPICON_NAME = AppIcon;
				ASSETCATALOG_COMPILER_GLOBAL_ACCENT_COLOR_NAME = AccentColor;
				CODE_SIGN_STYLE = Automatic;
				CURRENT_PROJECT_VERSION = 1;
				DEVELOPMENT_ASSET_PATHS = "\"LineGraphExploration/Preview Content\"";
				DEVELOPMENT_TEAM = 6KMBHCZ6P8;
				ENABLE_PREVIEWS = YES;
				GENERATE_INFOPLIST_FILE = YES;
				INFOPLIST_KEY_UIApplicationSceneManifest_Generation = YES;
				INFOPLIST_KEY_UIApplicationSupportsIndirectInputEvents = YES;
				INFOPLIST_KEY_UILaunchScreen_Generation = YES;
				INFOPLIST_KEY_UISupportedInterfaceOrientations_iPad = "UIInterfaceOrientationPortrait UIInterfaceOrientationPortraitUpsideDown UIInterfaceOrientationLandscapeLeft UIInterfaceOrientationLandscapeRight";
				INFOPLIST_KEY_UISupportedInterfaceOrientations_iPhone = "UIInterfaceOrientationPortrait UIInterfaceOrientationLandscapeLeft UIInterfaceOrientationLandscapeRight";
				LD_RUNPATH_SEARCH_PATHS = (
					"$(inherited)",
					"@executable_path/Frameworks",
				);
				MARKETING_VERSION = 1.0;
				PRODUCT_BUNDLE_IDENTIFIER = com.mackenzieperry.LineGraphExploration;
				PRODUCT_NAME = "$(TARGET_NAME)";
				SWIFT_EMIT_LOC_STRINGS = YES;
				SWIFT_VERSION = 5.0;
				TARGETED_DEVICE_FAMILY = "1,2";
			};
			name = Debug;
		};
		BAABD9ED27D5108C00FEB27C /* Release */ = {
			isa = XCBuildConfiguration;
			buildSettings = {
				ASSETCATALOG_COMPILER_APPICON_NAME = AppIcon;
				ASSETCATALOG_COMPILER_GLOBAL_ACCENT_COLOR_NAME = AccentColor;
				CODE_SIGN_STYLE = Automatic;
				CURRENT_PROJECT_VERSION = 1;
				DEVELOPMENT_ASSET_PATHS = "\"LineGraphExploration/Preview Content\"";
				DEVELOPMENT_TEAM = 6KMBHCZ6P8;
				ENABLE_PREVIEWS = YES;
				GENERATE_INFOPLIST_FILE = YES;
				INFOPLIST_KEY_UIApplicationSceneManifest_Generation = YES;
				INFOPLIST_KEY_UIApplicationSupportsIndirectInputEvents = YES;
				INFOPLIST_KEY_UILaunchScreen_Generation = YES;
				INFOPLIST_KEY_UISupportedInterfaceOrientations_iPad = "UIInterfaceOrientationPortrait UIInterfaceOrientationPortraitUpsideDown UIInterfaceOrientationLandscapeLeft UIInterfaceOrientationLandscapeRight";
				INFOPLIST_KEY_UISupportedInterfaceOrientations_iPhone = "UIInterfaceOrientationPortrait UIInterfaceOrientationLandscapeLeft UIInterfaceOrientationLandscapeRight";
				LD_RUNPATH_SEARCH_PATHS = (
					"$(inherited)",
					"@executable_path/Frameworks",
				);
				MARKETING_VERSION = 1.0;
				PRODUCT_BUNDLE_IDENTIFIER = com.mackenzieperry.LineGraphExploration;
				PRODUCT_NAME = "$(TARGET_NAME)";
				SWIFT_EMIT_LOC_STRINGS = YES;
				SWIFT_VERSION = 5.0;
				TARGETED_DEVICE_FAMILY = "1,2";
			};
			name = Release;
		};
		BAABD9EF27D5108C00FEB27C /* Debug */ = {
			isa = XCBuildConfiguration;
			buildSettings = {
				ALWAYS_EMBED_SWIFT_STANDARD_LIBRARIES = YES;
				BUNDLE_LOADER = "$(TEST_HOST)";
				CODE_SIGN_STYLE = Automatic;
				CURRENT_PROJECT_VERSION = 1;
				DEVELOPMENT_TEAM = 6KMBHCZ6P8;
				GENERATE_INFOPLIST_FILE = YES;
				IPHONEOS_DEPLOYMENT_TARGET = 15.2;
				MARKETING_VERSION = 1.0;
				PRODUCT_BUNDLE_IDENTIFIER = com.mackenzieperry.LineGraphExplorationTests;
				PRODUCT_NAME = "$(TARGET_NAME)";
				SWIFT_EMIT_LOC_STRINGS = NO;
				SWIFT_VERSION = 5.0;
				TARGETED_DEVICE_FAMILY = "1,2";
				TEST_HOST = "$(BUILT_PRODUCTS_DIR)/LineGraphExploration.app/LineGraphExploration";
			};
			name = Debug;
		};
		BAABD9F027D5108C00FEB27C /* Release */ = {
			isa = XCBuildConfiguration;
			buildSettings = {
				ALWAYS_EMBED_SWIFT_STANDARD_LIBRARIES = YES;
				BUNDLE_LOADER = "$(TEST_HOST)";
				CODE_SIGN_STYLE = Automatic;
				CURRENT_PROJECT_VERSION = 1;
				DEVELOPMENT_TEAM = 6KMBHCZ6P8;
				GENERATE_INFOPLIST_FILE = YES;
				IPHONEOS_DEPLOYMENT_TARGET = 15.2;
				MARKETING_VERSION = 1.0;
				PRODUCT_BUNDLE_IDENTIFIER = com.mackenzieperry.LineGraphExplorationTests;
				PRODUCT_NAME = "$(TARGET_NAME)";
				SWIFT_EMIT_LOC_STRINGS = NO;
				SWIFT_VERSION = 5.0;
				TARGETED_DEVICE_FAMILY = "1,2";
				TEST_HOST = "$(BUILT_PRODUCTS_DIR)/LineGraphExploration.app/LineGraphExploration";
			};
			name = Release;
		};
		BAABD9F227D5108C00FEB27C /* Debug */ = {
			isa = XCBuildConfiguration;
			buildSettings = {
				ALWAYS_EMBED_SWIFT_STANDARD_LIBRARIES = YES;
				CODE_SIGN_STYLE = Automatic;
				CURRENT_PROJECT_VERSION = 1;
				DEVELOPMENT_TEAM = 6KMBHCZ6P8;
				GENERATE_INFOPLIST_FILE = YES;
				MARKETING_VERSION = 1.0;
				PRODUCT_BUNDLE_IDENTIFIER = com.mackenzieperry.LineGraphExplorationUITests;
				PRODUCT_NAME = "$(TARGET_NAME)";
				SWIFT_EMIT_LOC_STRINGS = NO;
				SWIFT_VERSION = 5.0;
				TARGETED_DEVICE_FAMILY = "1,2";
				TEST_TARGET_NAME = LineGraphExploration;
			};
			name = Debug;
		};
		BAABD9F327D5108C00FEB27C /* Release */ = {
			isa = XCBuildConfiguration;
			buildSettings = {
				ALWAYS_EMBED_SWIFT_STANDARD_LIBRARIES = YES;
				CODE_SIGN_STYLE = Automatic;
				CURRENT_PROJECT_VERSION = 1;
				DEVELOPMENT_TEAM = 6KMBHCZ6P8;
				GENERATE_INFOPLIST_FILE = YES;
				MARKETING_VERSION = 1.0;
				PRODUCT_BUNDLE_IDENTIFIER = com.mackenzieperry.LineGraphExplorationUITests;
				PRODUCT_NAME = "$(TARGET_NAME)";
				SWIFT_EMIT_LOC_STRINGS = NO;
				SWIFT_VERSION = 5.0;
				TARGETED_DEVICE_FAMILY = "1,2";
				TEST_TARGET_NAME = LineGraphExploration;
			};
			name = Release;
		};
/* End XCBuildConfiguration section */

/* Begin XCConfigurationList section */
		BAABD9C227D5108A00FEB27C /* Build configuration list for PBXProject "LineGraphExploration" */ = {
			isa = XCConfigurationList;
			buildConfigurations = (
				BAABD9E927D5108C00FEB27C /* Debug */,
				BAABD9EA27D5108C00FEB27C /* Release */,
			);
			defaultConfigurationIsVisible = 0;
			defaultConfigurationName = Release;
		};
		BAABD9EB27D5108C00FEB27C /* Build configuration list for PBXNativeTarget "LineGraphExploration" */ = {
			isa = XCConfigurationList;
			buildConfigurations = (
				BAABD9EC27D5108C00FEB27C /* Debug */,
				BAABD9ED27D5108C00FEB27C /* Release */,
			);
			defaultConfigurationIsVisible = 0;
			defaultConfigurationName = Release;
		};
		BAABD9EE27D5108C00FEB27C /* Build configuration list for PBXNativeTarget "LineGraphExplorationTests" */ = {
			isa = XCConfigurationList;
			buildConfigurations = (
				BAABD9EF27D5108C00FEB27C /* Debug */,
				BAABD9F027D5108C00FEB27C /* Release */,
			);
			defaultConfigurationIsVisible = 0;
			defaultConfigurationName = Release;
		};
		BAABD9F127D5108C00FEB27C /* Build configuration list for PBXNativeTarget "LineGraphExplorationUITests" */ = {
			isa = XCConfigurationList;
			buildConfigurations = (
				BAABD9F227D5108C00FEB27C /* Debug */,
				BAABD9F327D5108C00FEB27C /* Release */,
			);
			defaultConfigurationIsVisible = 0;
			defaultConfigurationName = Release;
		};
/* End XCConfigurationList section */
	};
	rootObject = BAABD9BF27D5108A00FEB27C /* Project object */;
}
